// !$*UTF8*$!
{
	archiveVersion = 1;
	classes = {
	};
	objectVersion = 50;
	objects = {

/* Begin PBXBuildFile section */
		45D44E3623E200F80029FA02 /* AppDelegate.swift in Sources */ = {isa = PBXBuildFile; fileRef = 45D44E3523E200F80029FA02 /* AppDelegate.swift */; };
		45D44E3823E200F80029FA02 /* SceneDelegate.swift in Sources */ = {isa = PBXBuildFile; fileRef = 45D44E3723E200F80029FA02 /* SceneDelegate.swift */; };
		45D44E3D23E200F80029FA02 /* Main.storyboard in Resources */ = {isa = PBXBuildFile; fileRef = 45D44E3B23E200F80029FA02 /* Main.storyboard */; };
		45D44E3F23E200FA0029FA02 /* Assets.xcassets in Resources */ = {isa = PBXBuildFile; fileRef = 45D44E3E23E200FA0029FA02 /* Assets.xcassets */; };
		45D44E4223E200FA0029FA02 /* LaunchScreen.storyboard in Resources */ = {isa = PBXBuildFile; fileRef = 45D44E4023E200FA0029FA02 /* LaunchScreen.storyboard */; };
		45D44E4D23E205860029FA02 /* SpellListTableViewController.swift in Sources */ = {isa = PBXBuildFile; fileRef = 45D44E4C23E205860029FA02 /* SpellListTableViewController.swift */; };
		45D44E4F23E2059D0029FA02 /* SpellDetailViewController.swift in Sources */ = {isa = PBXBuildFile; fileRef = 45D44E4E23E2059D0029FA02 /* SpellDetailViewController.swift */; };
/* End PBXBuildFile section */

/* Begin PBXFileReference section */
		45D44E3223E200F80029FA02 /* iOS13-AH-CoreData-Solution.app */ = {isa = PBXFileReference; explicitFileType = wrapper.application; includeInIndex = 0; path = "iOS13-AH-CoreData-Solution.app"; sourceTree = BUILT_PRODUCTS_DIR; };
		45D44E3523E200F80029FA02 /* AppDelegate.swift */ = {isa = PBXFileReference; lastKnownFileType = sourcecode.swift; path = AppDelegate.swift; sourceTree = "<group>"; };
		45D44E3723E200F80029FA02 /* SceneDelegate.swift */ = {isa = PBXFileReference; lastKnownFileType = sourcecode.swift; path = SceneDelegate.swift; sourceTree = "<group>"; };
		45D44E3C23E200F80029FA02 /* Base */ = {isa = PBXFileReference; lastKnownFileType = file.storyboard; name = Base; path = Base.lproj/Main.storyboard; sourceTree = "<group>"; };
		45D44E3E23E200FA0029FA02 /* Assets.xcassets */ = {isa = PBXFileReference; lastKnownFileType = folder.assetcatalog; path = Assets.xcassets; sourceTree = "<group>"; };
		45D44E4123E200FA0029FA02 /* Base */ = {isa = PBXFileReference; lastKnownFileType = file.storyboard; name = Base; path = Base.lproj/LaunchScreen.storyboard; sourceTree = "<group>"; };
		45D44E4323E200FA0029FA02 /* Info.plist */ = {isa = PBXFileReference; lastKnownFileType = text.plist.xml; path = Info.plist; sourceTree = "<group>"; };
		45D44E4C23E205860029FA02 /* SpellListTableViewController.swift */ = {isa = PBXFileReference; lastKnownFileType = sourcecode.swift; path = SpellListTableViewController.swift; sourceTree = "<group>"; };
		45D44E4E23E2059D0029FA02 /* SpellDetailViewController.swift */ = {isa = PBXFileReference; lastKnownFileType = sourcecode.swift; path = SpellDetailViewController.swift; sourceTree = "<group>"; };
/* End PBXFileReference section */

/* Begin PBXFrameworksBuildPhase section */
		45D44E2F23E200F80029FA02 /* Frameworks */ = {
			isa = PBXFrameworksBuildPhase;
			buildActionMask = 2147483647;
			files = (
			);
			runOnlyForDeploymentPostprocessing = 0;
		};
/* End PBXFrameworksBuildPhase section */

/* Begin PBXGroup section */
		45D44E2923E200F80029FA02 = {
			isa = PBXGroup;
			children = (
				45D44E3423E200F80029FA02 /* iOS13-AH-CoreData-Solution */,
				45D44E3323E200F80029FA02 /* Products */,
			);
			sourceTree = "<group>";
		};
		45D44E3323E200F80029FA02 /* Products */ = {
			isa = PBXGroup;
			children = (
				45D44E3223E200F80029FA02 /* iOS13-AH-CoreData-Solution.app */,
			);
			name = Products;
			sourceTree = "<group>";
		};
		45D44E3423E200F80029FA02 /* iOS13-AH-CoreData-Solution */ = {
			isa = PBXGroup;
			children = (
				45D44E4B23E201150029FA02 /* Model COntrollers */,
				45D44E4A23E2010E0029FA02 /* View Controllers */,
				45D44E4923E2010A0029FA02 /* Models */,
				45D44E3523E200F80029FA02 /* AppDelegate.swift */,
				45D44E3723E200F80029FA02 /* SceneDelegate.swift */,
				45D44E3B23E200F80029FA02 /* Main.storyboard */,
				45D44E3E23E200FA0029FA02 /* Assets.xcassets */,
				45D44E4023E200FA0029FA02 /* LaunchScreen.storyboard */,
				45D44E4323E200FA0029FA02 /* Info.plist */,
			);
			path = "iOS13-AH-CoreData-Solution";
			sourceTree = "<group>";
		};
		45D44E4923E2010A0029FA02 /* Models */ = {
			isa = PBXGroup;
			children = (
			);
			path = Models;
			sourceTree = "<group>";
		};
		45D44E4A23E2010E0029FA02 /* View Controllers */ = {
			isa = PBXGroup;
			children = (
				45D44E4C23E205860029FA02 /* SpellListTableViewController.swift */,
				45D44E4E23E2059D0029FA02 /* SpellDetailViewController.swift */,
			);
			path = "View Controllers";
			sourceTree = "<group>";
		};
		45D44E4B23E201150029FA02 /* Model COntrollers */ = {
			isa = PBXGroup;
			children = (
			);
			path = "Model COntrollers";
			sourceTree = "<group>";
		};
/* End PBXGroup section */

/* Begin PBXNativeTarget section */
		45D44E3123E200F80029FA02 /* iOS13-AH-CoreData-Solution */ = {
			isa = PBXNativeTarget;
			buildConfigurationList = 45D44E4623E200FA0029FA02 /* Build configuration list for PBXNativeTarget "iOS13-AH-CoreData-Solution" */;
			buildPhases = (
				45D44E2E23E200F80029FA02 /* Sources */,
				45D44E2F23E200F80029FA02 /* Frameworks */,
				45D44E3023E200F80029FA02 /* Resources */,
			);
			buildRules = (
			);
			dependencies = (
			);
			name = "iOS13-AH-CoreData-Solution";
			productName = "iOS13-AH-CoreData-Solution";
			productReference = 45D44E3223E200F80029FA02 /* iOS13-AH-CoreData-Solution.app */;
			productType = "com.apple.product-type.application";
		};
/* End PBXNativeTarget section */

/* Begin PBXProject section */
		45D44E2A23E200F80029FA02 /* Project object */ = {
			isa = PBXProject;
			attributes = {
				LastSwiftUpdateCheck = 1110;
				LastUpgradeCheck = 1110;
				ORGANIZATIONNAME = "Lambda School";
				TargetAttributes = {
					45D44E3123E200F80029FA02 = {
						CreatedOnToolsVersion = 11.1;
					};
				};
			};
			buildConfigurationList = 45D44E2D23E200F80029FA02 /* Build configuration list for PBXProject "iOS13-AH-CoreData-Solution" */;
			compatibilityVersion = "Xcode 9.3";
			developmentRegion = en;
			hasScannedForEncodings = 0;
			knownRegions = (
				en,
				Base,
			);
			mainGroup = 45D44E2923E200F80029FA02;
			productRefGroup = 45D44E3323E200F80029FA02 /* Products */;
			projectDirPath = "";
			projectRoot = "";
			targets = (
				45D44E3123E200F80029FA02 /* iOS13-AH-CoreData-Solution */,
			);
		};
/* End PBXProject section */

/* Begin PBXResourcesBuildPhase section */
		45D44E3023E200F80029FA02 /* Resources */ = {
			isa = PBXResourcesBuildPhase;
			buildActionMask = 2147483647;
			files = (
				45D44E4223E200FA0029FA02 /* LaunchScreen.storyboard in Resources */,
				45D44E3F23E200FA0029FA02 /* Assets.xcassets in Resources */,
				45D44E3D23E200F80029FA02 /* Main.storyboard in Resources */,
			);
			runOnlyForDeploymentPostprocessing = 0;
		};
/* End PBXResourcesBuildPhase section */

/* Begin PBXSourcesBuildPhase section */
		45D44E2E23E200F80029FA02 /* Sources */ = {
			isa = PBXSourcesBuildPhase;
			buildActionMask = 2147483647;
			files = (
				45D44E4F23E2059D0029FA02 /* SpellDetailViewController.swift in Sources */,
				45D44E3623E200F80029FA02 /* AppDelegate.swift in Sources */,
				45D44E3823E200F80029FA02 /* SceneDelegate.swift in Sources */,
				45D44E4D23E205860029FA02 /* SpellListTableViewController.swift in Sources */,
			);
			runOnlyForDeploymentPostprocessing = 0;
		};
/* End PBXSourcesBuildPhase section */

/* Begin PBXVariantGroup section */
		45D44E3B23E200F80029FA02 /* Main.storyboard */ = {
			isa = PBXVariantGroup;
			children = (
				45D44E3C23E200F80029FA02 /* Base */,
			);
			name = Main.storyboard;
			sourceTree = "<group>";
		};
		45D44E4023E200FA0029FA02 /* LaunchScreen.storyboard */ = {
			isa = PBXVariantGroup;
			children = (
				45D44E4123E200FA0029FA02 /* Base */,
			);
			name = LaunchScreen.storyboard;
			sourceTree = "<group>";
		};
/* End PBXVariantGroup section */

/* Begin XCBuildConfiguration section */
		45D44E4423E200FA0029FA02 /* Debug */ = {
			isa = XCBuildConfiguration;
			buildSettings = {
				ALWAYS_SEARCH_USER_PATHS = NO;
				CLANG_ANALYZER_NONNULL = YES;
				CLANG_ANALYZER_NUMBER_OBJECT_CONVERSION = YES_AGGRESSIVE;
				CLANG_CXX_LANGUAGE_STANDARD = "gnu++14";
				CLANG_CXX_LIBRARY = "libc++";
				CLANG_ENABLE_MODULES = YES;
				CLANG_ENABLE_OBJC_ARC = YES;
				CLANG_ENABLE_OBJC_WEAK = YES;
				CLANG_WARN_BLOCK_CAPTURE_AUTORELEASING = YES;
				CLANG_WARN_BOOL_CONVERSION = YES;
				CLANG_WARN_COMMA = YES;
				CLANG_WARN_CONSTANT_CONVERSION = YES;
				CLANG_WARN_DEPRECATED_OBJC_IMPLEMENTATIONS = YES;
				CLANG_WARN_DIRECT_OBJC_ISA_USAGE = YES_ERROR;
				CLANG_WARN_DOCUMENTATION_COMMENTS = YES;
				CLANG_WARN_EMPTY_BODY = YES;
				CLANG_WARN_ENUM_CONVERSION = YES;
				CLANG_WARN_INFINITE_RECURSION = YES;
				CLANG_WARN_INT_CONVERSION = YES;
				CLANG_WARN_NON_LITERAL_NULL_CONVERSION = YES;
				CLANG_WARN_OBJC_IMPLICIT_RETAIN_SELF = YES;
				CLANG_WARN_OBJC_LITERAL_CONVERSION = YES;
				CLANG_WARN_OBJC_ROOT_CLASS = YES_ERROR;
				CLANG_WARN_RANGE_LOOP_ANALYSIS = YES;
				CLANG_WARN_STRICT_PROTOTYPES = YES;
				CLANG_WARN_SUSPICIOUS_MOVE = YES;
				CLANG_WARN_UNGUARDED_AVAILABILITY = YES_AGGRESSIVE;
				CLANG_WARN_UNREACHABLE_CODE = YES;
				CLANG_WARN__DUPLICATE_METHOD_MATCH = YES;
				COPY_PHASE_STRIP = NO;
				DEBUG_INFORMATION_FORMAT = dwarf;
				ENABLE_STRICT_OBJC_MSGSEND = YES;
				ENABLE_TESTABILITY = YES;
				GCC_C_LANGUAGE_STANDARD = gnu11;
				GCC_DYNAMIC_NO_PIC = NO;
				GCC_NO_COMMON_BLOCKS = YES;
				GCC_OPTIMIZATION_LEVEL = 0;
				GCC_PREPROCESSOR_DEFINITIONS = (
					"DEBUG=1",
					"$(inherited)",
				);
				GCC_WARN_64_TO_32_BIT_CONVERSION = YES;
				GCC_WARN_ABOUT_RETURN_TYPE = YES_ERROR;
				GCC_WARN_UNDECLARED_SELECTOR = YES;
				GCC_WARN_UNINITIALIZED_AUTOS = YES_AGGRESSIVE;
				GCC_WARN_UNUSED_FUNCTION = YES;
				GCC_WARN_UNUSED_VARIABLE = YES;
				IPHONEOS_DEPLOYMENT_TARGET = 13.1;
				MTL_ENABLE_DEBUG_INFO = INCLUDE_SOURCE;
				MTL_FAST_MATH = YES;
				ONLY_ACTIVE_ARCH = YES;
				SDKROOT = iphoneos;
				SWIFT_ACTIVE_COMPILATION_CONDITIONS = DEBUG;
				SWIFT_OPTIMIZATION_LEVEL = "-Onone";
			};
			name = Debug;
		};
		45D44E4523E200FA0029FA02 /* Release */ = {
			isa = XCBuildConfiguration;
			buildSettings = {
				ALWAYS_SEARCH_USER_PATHS = NO;
				CLANG_ANALYZER_NONNULL = YES;
				CLANG_ANALYZER_NUMBER_OBJECT_CONVERSION = YES_AGGRESSIVE;
				CLANG_CXX_LANGUAGE_STANDARD = "gnu++14";
				CLANG_CXX_LIBRARY = "libc++";
				CLANG_ENABLE_MODULES = YES;
				CLANG_ENABLE_OBJC_ARC = YES;
				CLANG_ENABLE_OBJC_WEAK = YES;
				CLANG_WARN_BLOCK_CAPTURE_AUTORELEASING = YES;
				CLANG_WARN_BOOL_CONVERSION = YES;
				CLANG_WARN_COMMA = YES;
				CLANG_WARN_CONSTANT_CONVERSION = YES;
				CLANG_WARN_DEPRECATED_OBJC_IMPLEMENTATIONS = YES;
				CLANG_WARN_DIRECT_OBJC_ISA_USAGE = YES_ERROR;
				CLANG_WARN_DOCUMENTATION_COMMENTS = YES;
				CLANG_WARN_EMPTY_BODY = YES;
				CLANG_WARN_ENUM_CONVERSION = YES;
				CLANG_WARN_INFINITE_RECURSION = YES;
				CLANG_WARN_INT_CONVERSION = YES;
				CLANG_WARN_NON_LITERAL_NULL_CONVERSION = YES;
				CLANG_WARN_OBJC_IMPLICIT_RETAIN_SELF = YES;
				CLANG_WARN_OBJC_LITERAL_CONVERSION = YES;
				CLANG_WARN_OBJC_ROOT_CLASS = YES_ERROR;
				CLANG_WARN_RANGE_LOOP_ANALYSIS = YES;
				CLANG_WARN_STRICT_PROTOTYPES = YES;
				CLANG_WARN_SUSPICIOUS_MOVE = YES;
				CLANG_WARN_UNGUARDED_AVAILABILITY = YES_AGGRESSIVE;
				CLANG_WARN_UNREACHABLE_CODE = YES;
				CLANG_WARN__DUPLICATE_METHOD_MATCH = YES;
				COPY_PHASE_STRIP = NO;
				DEBUG_INFORMATION_FORMAT = "dwarf-with-dsym";
				ENABLE_NS_ASSERTIONS = NO;
				ENABLE_STRICT_OBJC_MSGSEND = YES;
				GCC_C_LANGUAGE_STANDARD = gnu11;
				GCC_NO_COMMON_BLOCKS = YES;
				GCC_WARN_64_TO_32_BIT_CONVERSION = YES;
				GCC_WARN_ABOUT_RETURN_TYPE = YES_ERROR;
				GCC_WARN_UNDECLARED_SELECTOR = YES;
				GCC_WARN_UNINITIALIZED_AUTOS = YES_AGGRESSIVE;
				GCC_WARN_UNUSED_FUNCTION = YES;
				GCC_WARN_UNUSED_VARIABLE = YES;
				IPHONEOS_DEPLOYMENT_TARGET = 13.1;
				MTL_ENABLE_DEBUG_INFO = NO;
				MTL_FAST_MATH = YES;
				SDKROOT = iphoneos;
				SWIFT_COMPILATION_MODE = wholemodule;
				SWIFT_OPTIMIZATION_LEVEL = "-O";
				VALIDATE_PRODUCT = YES;
			};
			name = Release;
		};
		45D44E4723E200FA0029FA02 /* Debug */ = {
			isa = XCBuildConfiguration;
			buildSettings = {
				ASSETCATALOG_COMPILER_APPICON_NAME = AppIcon;
				CODE_SIGN_STYLE = Automatic;
				INFOPLIST_FILE = "iOS13-AH-CoreData-Solution/Info.plist";
				LD_RUNPATH_SEARCH_PATHS = (
					"$(inherited)",
					"@executable_path/Frameworks",
				);
				PRODUCT_BUNDLE_IDENTIFIER = "com.flash.iOS13-AH-CoreData-Solution";
				PRODUCT_NAME = "$(TARGET_NAME)";
				SWIFT_VERSION = 5.0;
				TARGETED_DEVICE_FAMILY = "1,2";
			};
			name = Debug;
		};
		45D44E4823E200FA0029FA02 /* Release */ = {
			isa = XCBuildConfiguration;
			buildSettings = {
				ASSETCATALOG_COMPILER_APPICON_NAME = AppIcon;
				CODE_SIGN_STYLE = Automatic;
				INFOPLIST_FILE = "iOS13-AH-CoreData-Solution/Info.plist";
				LD_RUNPATH_SEARCH_PATHS = (
					"$(inherited)",
					"@executable_path/Frameworks",
				);
				PRODUCT_BUNDLE_IDENTIFIER = "com.flash.iOS13-AH-CoreData-Solution";
				PRODUCT_NAME = "$(TARGET_NAME)";
				SWIFT_VERSION = 5.0;
				TARGETED_DEVICE_FAMILY = "1,2";
			};
			name = Release;
		};
/* End XCBuildConfiguration section */

/* Begin XCConfigurationList section */
		45D44E2D23E200F80029FA02 /* Build configuration list for PBXProject "iOS13-AH-CoreData-Solution" */ = {
			isa = XCConfigurationList;
			buildConfigurations = (
				45D44E4423E200FA0029FA02 /* Debug */,
				45D44E4523E200FA0029FA02 /* Release */,
			);
			defaultConfigurationIsVisible = 0;
			defaultConfigurationName = Release;
		};
		45D44E4623E200FA0029FA02 /* Build configuration list for PBXNativeTarget "iOS13-AH-CoreData-Solution" */ = {
			isa = XCConfigurationList;
			buildConfigurations = (
				45D44E4723E200FA0029FA02 /* Debug */,
				45D44E4823E200FA0029FA02 /* Release */,
			);
			defaultConfigurationIsVisible = 0;
			defaultConfigurationName = Release;
		};
/* End XCConfigurationList section */
	};
	rootObject = 45D44E2A23E200F80029FA02 /* Project object */;
}
